
Microsoft Visual Studio Solution File, Format Version 12.00
# Visual Studio Version 17
VisualStudioVersion = 17.10.35027.167
MinimumVisualStudioVersion = 10.0.40219.1
Project("{2150E333-8FDC-42A3-9474-1A3956D46DE8}") = "00.Core", "00.Core", "{35343275-1C90-4A61-9EDB-EA91CF9F59F1}"
EndProject
Project("{FAE04EC0-301F-11D3-BF4B-00C04F79EFBC}") = "Core", "Core\Core.csproj", "{9102E838-BD0E-4523-9DFD-8A5FAA4E77A7}"
EndProject
Project("{2150E333-8FDC-42A3-9474-1A3956D46DE8}") = "01.Entities", "01.Entities", "{D6439350-F9DB-4331-AFE5-BC7BCCE6BDCB}"
EndProject
Project("{FAE04EC0-301F-11D3-BF4B-00C04F79EFBC}") = "Entities", "Entities\Entities.csproj", "{65AB84B8-B3F8-4743-8F22-B030A86045CB}"
EndProject
Project("{2150E333-8FDC-42A3-9474-1A3956D46DE8}") = "02.DataAccess", "02.DataAccess", "{4AEBCA75-4FC6-4E49-8F8D-C92437DB0F26}"
EndProject
Project("{FAE04EC0-301F-11D3-BF4B-00C04F79EFBC}") = "DataAccess", "DataAccess\DataAccess.csproj", "{5A04176E-463E-41EC-A286-14E335D0AA15}"
EndProject
Project("{2150E333-8FDC-42A3-9474-1A3956D46DE8}") = "03.Business", "03.Business", "{5D74BBF0-3B66-4D49-90E7-A178E83338CF}"
EndProject
Project("{FAE04EC0-301F-11D3-BF4B-00C04F79EFBC}") = "Business", "Business\Business.csproj", "{5E88E76A-E71F-4C09-BC1C-C1916F9AF574}"
EndProject
Project("{FAE04EC0-301F-11D3-BF4B-00C04F79EFBC}") = "SutudentConsolApp", "SutudentConsolApp\SutudentConsolApp.csproj", "{BC8E47F4-A620-4BBC-8A61-764F7CEDA687}"
EndProject
Global
	GlobalSection(SolutionConfigurationPlatforms) = preSolution
		Debug|Any CPU = Debug|Any CPU
		Release|Any CPU = Release|Any CPU
	EndGlobalSection
	GlobalSection(ProjectConfigurationPlatforms) = postSolution
		{9102E838-BD0E-4523-9DFD-8A5FAA4E77A7}.Debug|Any CPU.ActiveCfg = Debug|Any CPU
		{9102E838-BD0E-4523-9DFD-8A5FAA4E77A7}.Debug|Any CPU.Build.0 = Debug|Any CPU
		{9102E838-BD0E-4523-9DFD-8A5FAA4E77A7}.Release|Any CPU.ActiveCfg = Release|Any CPU
		{9102E838-BD0E-4523-9DFD-8A5FAA4E77A7}.Release|Any CPU.Build.0 = Release|Any CPU
		{65AB84B8-B3F8-4743-8F22-B030A86045CB}.Debug|Any CPU.ActiveCfg = Debug|Any CPU
		{65AB84B8-B3F8-4743-8F22-B030A86045CB}.Debug|Any CPU.Build.0 = Debug|Any CPU
		{65AB84B8-B3F8-4743-8F22-B030A86045CB}.Release|Any CPU.ActiveCfg = Release|Any CPU
		{65AB84B8-B3F8-4743-8F22-B030A86045CB}.Release|Any CPU.Build.0 = Release|Any CPU
		{5A04176E-463E-41EC-A286-14E335D0AA15}.Debug|Any CPU.ActiveCfg = Debug|Any CPU
		{5A04176E-463E-41EC-A286-14E335D0AA15}.Debug|Any CPU.Build.0 = Debug|Any CPU
		{5A04176E-463E-41EC-A286-14E335D0AA15}.Release|Any CPU.ActiveCfg = Release|Any CPU
		{5A04176E-463E-41EC-A286-14E335D0AA15}.Release|Any CPU.Build.0 = Release|Any CPU
		{5E88E76A-E71F-4C09-BC1C-C1916F9AF574}.Debug|Any CPU.ActiveCfg = Debug|Any CPU
		{5E88E76A-E71F-4C09-BC1C-C1916F9AF574}.Debug|Any CPU.Build.0 = Debug|Any CPU
		{5E88E76A-E71F-4C09-BC1C-C1916F9AF574}.Release|Any CPU.ActiveCfg = Release|Any CPU
		{5E88E76A-E71F-4C09-BC1C-C1916F9AF574}.Release|Any CPU.Build.0 = Release|Any CPU
		{BC8E47F4-A620-4BBC-8A61-764F7CEDA687}.Debug|Any CPU.ActiveCfg = Debug|Any CPU
		{BC8E47F4-A620-4BBC-8A61-764F7CEDA687}.Debug|Any CPU.Build.0 = Debug|Any CPU
		{BC8E47F4-A620-4BBC-8A61-764F7CEDA687}.Release|Any CPU.ActiveCfg = Release|Any CPU
		{BC8E47F4-A620-4BBC-8A61-764F7CEDA687}.Release|Any CPU.Build.0 = Release|Any CPU
	EndGlobalSection
	GlobalSection(SolutionProperties) = preSolution
		HideSolutionNode = FALSE
	EndGlobalSection
	GlobalSection(NestedProjects) = preSolution
		{9102E838-BD0E-4523-9DFD-8A5FAA4E77A7} = {35343275-1C90-4A61-9EDB-EA91CF9F59F1}
		{65AB84B8-B3F8-4743-8F22-B030A86045CB} = {D6439350-F9DB-4331-AFE5-BC7BCCE6BDCB}
		{5A04176E-463E-41EC-A286-14E335D0AA15} = {4AEBCA75-4FC6-4E49-8F8D-C92437DB0F26}
		{5E88E76A-E71F-4C09-BC1C-C1916F9AF574} = {5D74BBF0-3B66-4D49-90E7-A178E83338CF}
	EndGlobalSection
	GlobalSection(ExtensibilityGlobals) = postSolution
		SolutionGuid = {E94F2807-A614-4ED1-A005-26EE76B639FC}
	EndGlobalSection
EndGlobal
